
Microsoft Visual Studio Solution File, Format Version 12.00
# Visual Studio Version 16
VisualStudioVersion = 16.0.30621.155
MinimumVisualStudioVersion = 10.0.40219.1
Project("{FAE04EC0-301F-11D3-BF4B-00C04F79EFBC}") = "OOP", "OOP\OOP.csproj", "{35370681-6DE4-44D1-98FC-55C338E84299}"
EndProject
Global
	GlobalSection(SolutionConfigurationPlatforms) = preSolution
		Debug|Any CPU = Debug|Any CPU
		Release|Any CPU = Release|Any CPU
	EndGlobalSection
	GlobalSection(ProjectConfigurationPlatforms) = postSolution
		{35370681-6DE4-44D1-98FC-55C338E84299}.Debug|Any CPU.ActiveCfg = Debug|Any CPU
		{35370681-6DE4-44D1-98FC-55C338E84299}.Debug|Any CPU.Build.0 = Debug|Any CPU
		{35370681-6DE4-44D1-98FC-55C338E84299}.Release|Any CPU.ActiveCfg = Release|Any CPU
		{35370681-6DE4-44D1-98FC-55C338E84299}.Release|Any CPU.Build.0 = Release|Any CPU
	EndGlobalSection
	GlobalSection(SolutionProperties) = preSolution
		HideSolutionNode = FALSE
	EndGlobalSection
	GlobalSection(ExtensibilityGlobals) = postSolution
		SolutionGuid = {558C0733-FC8A-41EB-A021-E2C992A2D092}
	EndGlobalSection
EndGlobal
